<?xml version="1.0" encoding="utf-8"?>
<Project ToolsVersion="4.0" xmlns="http://schemas.microsoft.com/developer/msbuild/2003">
  <ItemGroup>
    <Filter Include="Source Files">
      <UniqueIdentifier>{35ec8213-12bd-471f-aae1-19d906162a5e}</UniqueIdentifier>
      <Extensions>cpp;c;cc;cxx;def;odl;idl;hpj;bat;asm;asmx;cu</Extensions>
    </Filter>
    <Filter Include="Header Files">
      <UniqueIdentifier>{95287bb0-13ca-4062-8b18-82dfbb50c68f}</UniqueIdentifier>
      <Extensions>h;hh;hpp;hxx;hm;inl;inc;xsd;cuh</Extensions>
    </Filter>
  </ItemGroup>
  <ItemGroup>
    <ClInclude Include="graph.h">
      <Filter>Header Files</Filter>
    </ClInclude>
    <ClInclude Include="graphio.h">
      <Filter>Header Files</Filter>
    </ClInclude>
    <ClInclude Include="mmio.h">
      <Filter>Header Files</Filter>
    </ClInclude>
  </ItemGroup>
  <ItemGroup>
    <ClCompile Include="graphio.c">
      <Filter>Source Files</Filter>
    </ClCompile>
    <ClCompile Include="mmio.c">
      <Filter>Source Files</Filter>
    </ClCompile>
    <ClCompile Include="main.cpp">
      <Filter>Source Files</Filter>
    </ClCompile>
  </ItemGroup>
  <ItemGroup>
    <CudaCompile Include="closeness_centrality.cu">
      <Filter>Source Files</Filter>
    </CudaCompile>
  </ItemGroup>
</Project>